{
  "name": "gulp-webpack-es2015-stack",
  "version": "1.0.0",
  "dependencies": {
    "bootstrap": {
      "version": "4.0.0-alpha.5",
      "from": "bootstrap@4.0.0-alpha.5",
      "resolved": "https://registry.npmjs.org/bootstrap/-/bootstrap-4.0.0-alpha.5.tgz"
    },
    "font-awesome": {
      "version": "4.7.0",
      "from": "font-awesome@4.7.0",
      "resolved": "https://registry.npmjs.org/font-awesome/-/font-awesome-4.7.0.tgz"
    },
    "jquery": {
      "version": "3.1.1",
      "from": "jquery@>=3.1.1 <4.0.0",
      "resolved": "https://registry.npmjs.org/jquery/-/jquery-3.1.1.tgz"
    },
    "tether": {
      "version": "1.3.7",
      "from": "tether@>=1.3.7 <2.0.0",
      "resolved": "https://registry.npmjs.org/tether/-/tether-1.3.7.tgz"
    }
  }
}
